
Microsoft Visual Studio Solution File, Format Version 12.00
# Visual Studio Version 17
VisualStudioVersion = 17.7.34221.43
MinimumVisualStudioVersion = 10.0.40219.1
Project("{9A19103F-16F7-4668-BE54-9A1E7A4F7556}") = "Day1Part1", "Day1Puzzle1\Day1Part1.csproj", "{7141F829-2017-48BC-86C6-4B5C71834796}"
EndProject
Project("{FAE04EC0-301F-11D3-BF4B-00C04F79EFBC}") = "Day1Part2", "Day1Part2\Day1Part2.csproj", "{B9395E8E-FC9B-4453-AF02-72FB80923889}"
EndProject
Global
	GlobalSection(SolutionConfigurationPlatforms) = preSolution
		Debug|Any CPU = Debug|Any CPU
		Release|Any CPU = Release|Any CPU
	EndGlobalSection
	GlobalSection(ProjectConfigurationPlatforms) = postSolution
		{7141F829-2017-48BC-86C6-4B5C71834796}.Debug|Any CPU.ActiveCfg = Debug|Any CPU
		{7141F829-2017-48BC-86C6-4B5C71834796}.Debug|Any CPU.Build.0 = Debug|Any CPU
		{7141F829-2017-48BC-86C6-4B5C71834796}.Release|Any CPU.ActiveCfg = Release|Any CPU
		{7141F829-2017-48BC-86C6-4B5C71834796}.Release|Any CPU.Build.0 = Release|Any CPU
		{B9395E8E-FC9B-4453-AF02-72FB80923889}.Debug|Any CPU.ActiveCfg = Debug|Any CPU
		{B9395E8E-FC9B-4453-AF02-72FB80923889}.Debug|Any CPU.Build.0 = Debug|Any CPU
		{B9395E8E-FC9B-4453-AF02-72FB80923889}.Release|Any CPU.ActiveCfg = Release|Any CPU
		{B9395E8E-FC9B-4453-AF02-72FB80923889}.Release|Any CPU.Build.0 = Release|Any CPU
	EndGlobalSection
	GlobalSection(SolutionProperties) = preSolution
		HideSolutionNode = FALSE
	EndGlobalSection
	GlobalSection(ExtensibilityGlobals) = postSolution
		SolutionGuid = {F6D568FD-6678-48F7-A95B-A5D4A2F9050D}
	EndGlobalSection
EndGlobal
